
Microsoft Visual Studio Solution File, Format Version 12.00
# Visual Studio Version 16
VisualStudioVersion = 16.0.30907.101
MinimumVisualStudioVersion = 10.0.40219.1
Project("{FAE04EC0-301F-11D3-BF4B-00C04F79EFBC}") = "NLogger", "NLogger\NLogger.csproj", "{C46F8E88-8FFD-4DC2-BED7-BDB2788D1CAA}"
EndProject
Global
	GlobalSection(SolutionConfigurationPlatforms) = preSolution
		Debug|Any CPU = Debug|Any CPU
		Release|Any CPU = Release|Any CPU
	EndGlobalSection
	GlobalSection(ProjectConfigurationPlatforms) = postSolution
		{C46F8E88-8FFD-4DC2-BED7-BDB2788D1CAA}.Debug|Any CPU.ActiveCfg = Debug|Any CPU
		{C46F8E88-8FFD-4DC2-BED7-BDB2788D1CAA}.Debug|Any CPU.Build.0 = Debug|Any CPU
		{C46F8E88-8FFD-4DC2-BED7-BDB2788D1CAA}.Release|Any CPU.ActiveCfg = Release|Any CPU
		{C46F8E88-8FFD-4DC2-BED7-BDB2788D1CAA}.Release|Any CPU.Build.0 = Release|Any CPU
	EndGlobalSection
	GlobalSection(SolutionProperties) = preSolution
		HideSolutionNode = FALSE
	EndGlobalSection
	GlobalSection(ExtensibilityGlobals) = postSolution
		SolutionGuid = {E9093677-6592-4A32-92C0-A5E0D3841C68}
	EndGlobalSection
EndGlobal
